// !$*UTF8*$!
{
	archiveVersion = 1;
	classes = {
	};
	objectVersion = 50;
	objects = {

/* Begin PBXBuildFile section */
		401A1A2851501989ED5ED94B /* Pods_cryptoalat.framework in Frameworks */ = {isa = PBXBuildFile; fileRef = C129B4EF13F6E8F50282C8A2 /* Pods_cryptoalat.framework */; };
		B5FC6A0C20DD1CEC00C8E08B /* AppDelegate.swift in Sources */ = {isa = PBXBuildFile; fileRef = B5FC6A0B20DD1CEC00C8E08B /* AppDelegate.swift */; };
		B5FC6A0E20DD1CEC00C8E08B /* LaunchViewController.swift in Sources */ = {isa = PBXBuildFile; fileRef = B5FC6A0D20DD1CEC00C8E08B /* LaunchViewController.swift */; };
		B5FC6A1120DD1CEC00C8E08B /* Main.storyboard in Resources */ = {isa = PBXBuildFile; fileRef = B5FC6A0F20DD1CEC00C8E08B /* Main.storyboard */; };
		B5FC6A1320DD1CED00C8E08B /* Assets.xcassets in Resources */ = {isa = PBXBuildFile; fileRef = B5FC6A1220DD1CED00C8E08B /* Assets.xcassets */; };
		B5FC6A1620DD1CED00C8E08B /* LaunchScreen.storyboard in Resources */ = {isa = PBXBuildFile; fileRef = B5FC6A1420DD1CED00C8E08B /* LaunchScreen.storyboard */; };
		B5FC6A1E20DD4A3400C8E08B /* AppConstants.swift in Sources */ = {isa = PBXBuildFile; fileRef = B5FC6A1D20DD4A3400C8E08B /* AppConstants.swift */; };
		B5FC6A2020DD4AA900C8E08B /* SettingsService.swift in Sources */ = {isa = PBXBuildFile; fileRef = B5FC6A1F20DD4AA900C8E08B /* SettingsService.swift */; };
		B5FC6A2220DE6EEA00C8E08B /* CoinTableViewCell.swift in Sources */ = {isa = PBXBuildFile; fileRef = B5FC6A2120DE6EEA00C8E08B /* CoinTableViewCell.swift */; };
		B5FC6A2720DE704300C8E08B /* CoinsTableViewController.swift in Sources */ = {isa = PBXBuildFile; fileRef = B5FC6A2620DE704300C8E08B /* CoinsTableViewController.swift */; };
/* End PBXBuildFile section */

/* Begin PBXFileReference section */
		9C0BCE424ED704EAA8FEA442 /* Pods-cryptoalat.release.xcconfig */ = {isa = PBXFileReference; includeInIndex = 1; lastKnownFileType = text.xcconfig; name = "Pods-cryptoalat.release.xcconfig"; path = "Pods/Target Support Files/Pods-cryptoalat/Pods-cryptoalat.release.xcconfig"; sourceTree = "<group>"; };
		B5FC6A0820DD1CEC00C8E08B /* cryptoalat.app */ = {isa = PBXFileReference; explicitFileType = wrapper.application; includeInIndex = 0; path = cryptoalat.app; sourceTree = BUILT_PRODUCTS_DIR; };
		B5FC6A0B20DD1CEC00C8E08B /* AppDelegate.swift */ = {isa = PBXFileReference; lastKnownFileType = sourcecode.swift; path = AppDelegate.swift; sourceTree = "<group>"; };
		B5FC6A0D20DD1CEC00C8E08B /* LaunchViewController.swift */ = {isa = PBXFileReference; lastKnownFileType = sourcecode.swift; path = LaunchViewController.swift; sourceTree = "<group>"; };
		B5FC6A1020DD1CEC00C8E08B /* Base */ = {isa = PBXFileReference; lastKnownFileType = file.storyboard; name = Base; path = Base.lproj/Main.storyboard; sourceTree = "<group>"; };
		B5FC6A1220DD1CED00C8E08B /* Assets.xcassets */ = {isa = PBXFileReference; lastKnownFileType = folder.assetcatalog; path = Assets.xcassets; sourceTree = "<group>"; };
		B5FC6A1520DD1CED00C8E08B /* Base */ = {isa = PBXFileReference; lastKnownFileType = file.storyboard; name = Base; path = Base.lproj/LaunchScreen.storyboard; sourceTree = "<group>"; };
		B5FC6A1720DD1CED00C8E08B /* Info.plist */ = {isa = PBXFileReference; lastKnownFileType = text.plist.xml; path = Info.plist; sourceTree = "<group>"; };
		B5FC6A1D20DD4A3400C8E08B /* AppConstants.swift */ = {isa = PBXFileReference; lastKnownFileType = sourcecode.swift; path = AppConstants.swift; sourceTree = "<group>"; };
		B5FC6A1F20DD4AA900C8E08B /* SettingsService.swift */ = {isa = PBXFileReference; lastKnownFileType = sourcecode.swift; path = SettingsService.swift; sourceTree = "<group>"; };
		B5FC6A2120DE6EEA00C8E08B /* CoinTableViewCell.swift */ = {isa = PBXFileReference; lastKnownFileType = sourcecode.swift; path = CoinTableViewCell.swift; sourceTree = "<group>"; };
		B5FC6A2620DE704300C8E08B /* CoinsTableViewController.swift */ = {isa = PBXFileReference; lastKnownFileType = sourcecode.swift; path = CoinsTableViewController.swift; sourceTree = "<group>"; };
		B5FC6A2A20E0168400C8E08B /* cryptoalat.entitlements */ = {isa = PBXFileReference; lastKnownFileType = text.plist.entitlements; path = cryptoalat.entitlements; sourceTree = "<group>"; };
		C0329DC31537D4048222ACE9 /* Pods-cryptoalat.debug.xcconfig */ = {isa = PBXFileReference; includeInIndex = 1; lastKnownFileType = text.xcconfig; name = "Pods-cryptoalat.debug.xcconfig"; path = "Pods/Target Support Files/Pods-cryptoalat/Pods-cryptoalat.debug.xcconfig"; sourceTree = "<group>"; };
		C129B4EF13F6E8F50282C8A2 /* Pods_cryptoalat.framework */ = {isa = PBXFileReference; explicitFileType = wrapper.framework; includeInIndex = 0; path = Pods_cryptoalat.framework; sourceTree = BUILT_PRODUCTS_DIR; };
/* End PBXFileReference section */

/* Begin PBXFrameworksBuildPhase section */
		B5FC6A0520DD1CEC00C8E08B /* Frameworks */ = {
			isa = PBXFrameworksBuildPhase;
			buildActionMask = 2147483647;
			files = (
				401A1A2851501989ED5ED94B /* Pods_cryptoalat.framework in Frameworks */,
			);
			runOnlyForDeploymentPostprocessing = 0;
		};
/* End PBXFrameworksBuildPhase section */

/* Begin PBXGroup section */
		9ECB3FEED809BEC3B4C85953 /* Frameworks */ = {
			isa = PBXGroup;
			children = (
				C129B4EF13F6E8F50282C8A2 /* Pods_cryptoalat.framework */,
			);
			name = Frameworks;
			sourceTree = "<group>";
		};
		B5FC69FF20DD1CEC00C8E08B = {
			isa = PBXGroup;
			children = (
				B5FC6A0A20DD1CEC00C8E08B /* cryptoalat */,
				B5FC6A0920DD1CEC00C8E08B /* Products */,
				D68A1124052EB7F1409D0280 /* Pods */,
				9ECB3FEED809BEC3B4C85953 /* Frameworks */,
			);
			sourceTree = "<group>";
		};
		B5FC6A0920DD1CEC00C8E08B /* Products */ = {
			isa = PBXGroup;
			children = (
				B5FC6A0820DD1CEC00C8E08B /* cryptoalat.app */,
			);
			name = Products;
			sourceTree = "<group>";
		};
		B5FC6A0A20DD1CEC00C8E08B /* cryptoalat */ = {
			isa = PBXGroup;
			children = (
				B5FC6A2A20E0168400C8E08B /* cryptoalat.entitlements */,
				B5FC6A2520DE6FF300C8E08B /* App */,
				B5FC6A0B20DD1CEC00C8E08B /* AppDelegate.swift */,
				B5FC6A0F20DD1CEC00C8E08B /* Main.storyboard */,
				B5FC6A1420DD1CED00C8E08B /* LaunchScreen.storyboard */,
				B5FC6A1220DD1CED00C8E08B /* Assets.xcassets */,
				B5FC6A1720DD1CED00C8E08B /* Info.plist */,
			);
			path = cryptoalat;
			sourceTree = "<group>";
		};
		B5FC6A2420DE6FD300C8E08B /* Controllers */ = {
			isa = PBXGroup;
			children = (
				B5FC6A0D20DD1CEC00C8E08B /* LaunchViewController.swift */,
				B5FC6A2620DE704300C8E08B /* CoinsTableViewController.swift */,
			);
			path = Controllers;
			sourceTree = "<group>";
		};
		B5FC6A2520DE6FF300C8E08B /* App */ = {
			isa = PBXGroup;
			children = (
				B5FC6A2420DE6FD300C8E08B /* Controllers */,
				B5FC6A2120DE6EEA00C8E08B /* CoinTableViewCell.swift */,
				B5FC6A1D20DD4A3400C8E08B /* AppConstants.swift */,
				B5FC6A1F20DD4AA900C8E08B /* SettingsService.swift */,
			);
			path = App;
			sourceTree = "<group>";
		};
		D68A1124052EB7F1409D0280 /* Pods */ = {
			isa = PBXGroup;
			children = (
				C0329DC31537D4048222ACE9 /* Pods-cryptoalat.debug.xcconfig */,
				9C0BCE424ED704EAA8FEA442 /* Pods-cryptoalat.release.xcconfig */,
			);
			name = Pods;
			sourceTree = "<group>";
		};
/* End PBXGroup section */

/* Begin PBXNativeTarget section */
		B5FC6A0720DD1CEC00C8E08B /* cryptoalat */ = {
			isa = PBXNativeTarget;
			buildConfigurationList = B5FC6A1A20DD1CED00C8E08B /* Build configuration list for PBXNativeTarget "cryptoalat" */;
			buildPhases = (
				2DF29CF36C2D0B71DB0E28C6 /* [CP] Check Pods Manifest.lock */,
				B5FC6A0420DD1CEC00C8E08B /* Sources */,
				B5FC6A0520DD1CEC00C8E08B /* Frameworks */,
				B5FC6A0620DD1CEC00C8E08B /* Resources */,
				8CA5781A7F1EB1832E17FECF /* [CP] Embed Pods Frameworks */,
			);
			buildRules = (
			);
			dependencies = (
			);
			name = cryptoalat;
			productName = cryptoalat;
			productReference = B5FC6A0820DD1CEC00C8E08B /* cryptoalat.app */;
			productType = "com.apple.product-type.application";
		};
/* End PBXNativeTarget section */

/* Begin PBXProject section */
		B5FC6A0020DD1CEC00C8E08B /* Project object */ = {
			isa = PBXProject;
			attributes = {
				LastSwiftUpdateCheck = 0940;
				LastUpgradeCheck = 0940;
				ORGANIZATIONNAME = "TapSharp Interactive";
				TargetAttributes = {
					B5FC6A0720DD1CEC00C8E08B = {
						CreatedOnToolsVersion = 9.4.1;
						SystemCapabilities = {
							com.apple.Push = {
								enabled = 1;
							};
						};
					};
				};
			};
			buildConfigurationList = B5FC6A0320DD1CEC00C8E08B /* Build configuration list for PBXProject "cryptoalat" */;
			compatibilityVersion = "Xcode 9.3";
			developmentRegion = en;
			hasScannedForEncodings = 0;
			knownRegions = (
				en,
				Base,
			);
			mainGroup = B5FC69FF20DD1CEC00C8E08B;
			productRefGroup = B5FC6A0920DD1CEC00C8E08B /* Products */;
			projectDirPath = "";
			projectRoot = "";
			targets = (
				B5FC6A0720DD1CEC00C8E08B /* cryptoalat */,
			);
		};
/* End PBXProject section */

/* Begin PBXResourcesBuildPhase section */
		B5FC6A0620DD1CEC00C8E08B /* Resources */ = {
			isa = PBXResourcesBuildPhase;
			buildActionMask = 2147483647;
			files = (
				B5FC6A1620DD1CED00C8E08B /* LaunchScreen.storyboard in Resources */,
				B5FC6A1320DD1CED00C8E08B /* Assets.xcassets in Resources */,
				B5FC6A1120DD1CEC00C8E08B /* Main.storyboard in Resources */,
			);
			runOnlyForDeploymentPostprocessing = 0;
		};
/* End PBXResourcesBuildPhase section */

/* Begin PBXShellScriptBuildPhase section */
		2DF29CF36C2D0B71DB0E28C6 /* [CP] Check Pods Manifest.lock */ = {
			isa = PBXShellScriptBuildPhase;
			buildActionMask = 2147483647;
			files = (
			);
			inputPaths = (
				"${PODS_PODFILE_DIR_PATH}/Podfile.lock",
				"${PODS_ROOT}/Manifest.lock",
			);
			name = "[CP] Check Pods Manifest.lock";
			outputPaths = (
				"$(DERIVED_FILE_DIR)/Pods-cryptoalat-checkManifestLockResult.txt",
			);
			runOnlyForDeploymentPostprocessing = 0;
			shellPath = /bin/sh;
			shellScript = "diff \"${PODS_PODFILE_DIR_PATH}/Podfile.lock\" \"${PODS_ROOT}/Manifest.lock\" > /dev/null\nif [ $? != 0 ] ; then\n    # print error to STDERR\n    echo \"error: The sandbox is not in sync with the Podfile.lock. Run 'pod install' or update your CocoaPods installation.\" >&2\n    exit 1\nfi\n# This output is used by Xcode 'outputs' to avoid re-running this script phase.\necho \"SUCCESS\" > \"${SCRIPT_OUTPUT_FILE_0}\"\n";
			showEnvVarsInLog = 0;
		};
		8CA5781A7F1EB1832E17FECF /* [CP] Embed Pods Frameworks */ = {
			isa = PBXShellScriptBuildPhase;
			buildActionMask = 2147483647;
			files = (
			);
			inputPaths = (
				"${SRCROOT}/Pods/Target Support Files/Pods-cryptoalat/Pods-cryptoalat-frameworks.sh",
				"${BUILT_PRODUCTS_DIR}/Alamofire/Alamofire.framework",
				"${BUILT_PRODUCTS_DIR}/CryptoSwift/CryptoSwift.framework",
				"${BUILT_PRODUCTS_DIR}/MarqueeLabel/MarqueeLabel.framework",
				"${BUILT_PRODUCTS_DIR}/NotificationBannerSwift/NotificationBannerSwift.framework",
				"${BUILT_PRODUCTS_DIR}/PushNotifications/PushNotifications.framework",
				"${BUILT_PRODUCTS_DIR}/PusherSwift/PusherSwift.framework",
				"${BUILT_PRODUCTS_DIR}/ReachabilitySwift/Reachability.framework",
				"${BUILT_PRODUCTS_DIR}/SnapKit/SnapKit.framework",
				"${BUILT_PRODUCTS_DIR}/Starscream/Starscream.framework",
				"${BUILT_PRODUCTS_DIR}/TaskQueue/TaskQueue.framework",
			);
			name = "[CP] Embed Pods Frameworks";
			outputPaths = (
				"${TARGET_BUILD_DIR}/${FRAMEWORKS_FOLDER_PATH}/Alamofire.framework",
				"${TARGET_BUILD_DIR}/${FRAMEWORKS_FOLDER_PATH}/CryptoSwift.framework",
				"${TARGET_BUILD_DIR}/${FRAMEWORKS_FOLDER_PATH}/MarqueeLabel.framework",
				"${TARGET_BUILD_DIR}/${FRAMEWORKS_FOLDER_PATH}/NotificationBannerSwift.framework",
				"${TARGET_BUILD_DIR}/${FRAMEWORKS_FOLDER_PATH}/PushNotifications.framework",
				"${TARGET_BUILD_DIR}/${FRAMEWORKS_FOLDER_PATH}/PusherSwift.framework",
				"${TARGET_BUILD_DIR}/${FRAMEWORKS_FOLDER_PATH}/Reachability.framework",
				"${TARGET_BUILD_DIR}/${FRAMEWORKS_FOLDER_PATH}/SnapKit.framework",
				"${TARGET_BUILD_DIR}/${FRAMEWORKS_FOLDER_PATH}/Starscream.framework",
				"${TARGET_BUILD_DIR}/${FRAMEWORKS_FOLDER_PATH}/TaskQueue.framework",
			);
			runOnlyForDeploymentPostprocessing = 0;
			shellPath = /bin/sh;
			shellScript = "\"${SRCROOT}/Pods/Target Support Files/Pods-cryptoalat/Pods-cryptoalat-frameworks.sh\"\n";
			showEnvVarsInLog = 0;
		};
/* End PBXShellScriptBuildPhase section */

/* Begin PBXSourcesBuildPhase section */
		B5FC6A0420DD1CEC00C8E08B /* Sources */ = {
			isa = PBXSourcesBuildPhase;
			buildActionMask = 2147483647;
			files = (
				B5FC6A0E20DD1CEC00C8E08B /* LaunchViewController.swift in Sources */,
				B5FC6A1E20DD4A3400C8E08B /* AppConstants.swift in Sources */,
				B5FC6A2720DE704300C8E08B /* CoinsTableViewController.swift in Sources */,
				B5FC6A2020DD4AA900C8E08B /* SettingsService.swift in Sources */,
				B5FC6A0C20DD1CEC00C8E08B /* AppDelegate.swift in Sources */,
				B5FC6A2220DE6EEA00C8E08B /* CoinTableViewCell.swift in Sources */,
			);
			runOnlyForDeploymentPostprocessing = 0;
		};
/* End PBXSourcesBuildPhase section */

/* Begin PBXVariantGroup section */
		B5FC6A0F20DD1CEC00C8E08B /* Main.storyboard */ = {
			isa = PBXVariantGroup;
			children = (
				B5FC6A1020DD1CEC00C8E08B /* Base */,
			);
			name = Main.storyboard;
			sourceTree = "<group>";
		};
		B5FC6A1420DD1CED00C8E08B /* LaunchScreen.storyboard */ = {
			isa = PBXVariantGroup;
			children = (
				B5FC6A1520DD1CED00C8E08B /* Base */,
			);
			name = LaunchScreen.storyboard;
			sourceTree = "<group>";
		};
/* End PBXVariantGroup section */

/* Begin XCBuildConfiguration section */
		B5FC6A1820DD1CED00C8E08B /* Debug */ = {
			isa = XCBuildConfiguration;
			buildSettings = {
				ALWAYS_SEARCH_USER_PATHS = NO;
				CLANG_ANALYZER_NONNULL = YES;
				CLANG_ANALYZER_NUMBER_OBJECT_CONVERSION = YES_AGGRESSIVE;
				CLANG_CXX_LANGUAGE_STANDARD = "gnu++14";
				CLANG_CXX_LIBRARY = "libc++";
				CLANG_ENABLE_MODULES = YES;
				CLANG_ENABLE_OBJC_ARC = YES;
				CLANG_ENABLE_OBJC_WEAK = YES;
				CLANG_WARN_BLOCK_CAPTURE_AUTORELEASING = YES;
				CLANG_WARN_BOOL_CONVERSION = YES;
				CLANG_WARN_COMMA = YES;
				CLANG_WARN_CONSTANT_CONVERSION = YES;
				CLANG_WARN_DEPRECATED_OBJC_IMPLEMENTATIONS = YES;
				CLANG_WARN_DIRECT_OBJC_ISA_USAGE = YES_ERROR;
				CLANG_WARN_DOCUMENTATION_COMMENTS = YES;
				CLANG_WARN_EMPTY_BODY = YES;
				CLANG_WARN_ENUM_CONVERSION = YES;
				CLANG_WARN_INFINITE_RECURSION = YES;
				CLANG_WARN_INT_CONVERSION = YES;
				CLANG_WARN_NON_LITERAL_NULL_CONVERSION = YES;
				CLANG_WARN_OBJC_IMPLICIT_RETAIN_SELF = YES;
				CLANG_WARN_OBJC_LITERAL_CONVERSION = YES;
				CLANG_WARN_OBJC_ROOT_CLASS = YES_ERROR;
				CLANG_WARN_RANGE_LOOP_ANALYSIS = YES;
				CLANG_WARN_STRICT_PROTOTYPES = YES;
				CLANG_WARN_SUSPICIOUS_MOVE = YES;
				CLANG_WARN_UNGUARDED_AVAILABILITY = YES_AGGRESSIVE;
				CLANG_WARN_UNREACHABLE_CODE = YES;
				CLANG_WARN__DUPLICATE_METHOD_MATCH = YES;
				CODE_SIGN_IDENTITY = "iPhone Developer";
				COPY_PHASE_STRIP = NO;
				DEBUG_INFORMATION_FORMAT = dwarf;
				ENABLE_STRICT_OBJC_MSGSEND = YES;
				ENABLE_TESTABILITY = YES;
				GCC_C_LANGUAGE_STANDARD = gnu11;
				GCC_DYNAMIC_NO_PIC = NO;
				GCC_NO_COMMON_BLOCKS = YES;
				GCC_OPTIMIZATION_LEVEL = 0;
				GCC_PREPROCESSOR_DEFINITIONS = (
					"DEBUG=1",
					"$(inherited)",
				);
				GCC_WARN_64_TO_32_BIT_CONVERSION = YES;
				GCC_WARN_ABOUT_RETURN_TYPE = YES_ERROR;
				GCC_WARN_UNDECLARED_SELECTOR = YES;
				GCC_WARN_UNINITIALIZED_AUTOS = YES_AGGRESSIVE;
				GCC_WARN_UNUSED_FUNCTION = YES;
				GCC_WARN_UNUSED_VARIABLE = YES;
				IPHONEOS_DEPLOYMENT_TARGET = 11.4;
				MTL_ENABLE_DEBUG_INFO = YES;
				ONLY_ACTIVE_ARCH = YES;
				SDKROOT = iphoneos;
				SWIFT_ACTIVE_COMPILATION_CONDITIONS = DEBUG;
				SWIFT_OPTIMIZATION_LEVEL = "-Onone";
			};
			name = Debug;
		};
		B5FC6A1920DD1CED00C8E08B /* Release */ = {
			isa = XCBuildConfiguration;
			buildSettings = {
				ALWAYS_SEARCH_USER_PATHS = NO;
				CLANG_ANALYZER_NONNULL = YES;
				CLANG_ANALYZER_NUMBER_OBJECT_CONVERSION = YES_AGGRESSIVE;
				CLANG_CXX_LANGUAGE_STANDARD = "gnu++14";
				CLANG_CXX_LIBRARY = "libc++";
				CLANG_ENABLE_MODULES = YES;
				CLANG_ENABLE_OBJC_ARC = YES;
				CLANG_ENABLE_OBJC_WEAK = YES;
				CLANG_WARN_BLOCK_CAPTURE_AUTORELEASING = YES;
				CLANG_WARN_BOOL_CONVERSION = YES;
				CLANG_WARN_COMMA = YES;
				CLANG_WARN_CONSTANT_CONVERSION = YES;
				CLANG_WARN_DEPRECATED_OBJC_IMPLEMENTATIONS = YES;
				CLANG_WARN_DIRECT_OBJC_ISA_USAGE = YES_ERROR;
				CLANG_WARN_DOCUMENTATION_COMMENTS = YES;
				CLANG_WARN_EMPTY_BODY = YES;
				CLANG_WARN_ENUM_CONVERSION = YES;
				CLANG_WARN_INFINITE_RECURSION = YES;
				CLANG_WARN_INT_CONVERSION = YES;
				CLANG_WARN_NON_LITERAL_NULL_CONVERSION = YES;
				CLANG_WARN_OBJC_IMPLICIT_RETAIN_SELF = YES;
				CLANG_WARN_OBJC_LITERAL_CONVERSION = YES;
				CLANG_WARN_OBJC_ROOT_CLASS = YES_ERROR;
				CLANG_WARN_RANGE_LOOP_ANALYSIS = YES;
				CLANG_WARN_STRICT_PROTOTYPES = YES;
				CLANG_WARN_SUSPICIOUS_MOVE = YES;
				CLANG_WARN_UNGUARDED_AVAILABILITY = YES_AGGRESSIVE;
				CLANG_WARN_UNREACHABLE_CODE = YES;
				CLANG_WARN__DUPLICATE_METHOD_MATCH = YES;
				CODE_SIGN_IDENTITY = "iPhone Developer";
				COPY_PHASE_STRIP = NO;
				DEBUG_INFORMATION_FORMAT = "dwarf-with-dsym";
				ENABLE_NS_ASSERTIONS = NO;
				ENABLE_STRICT_OBJC_MSGSEND = YES;
				GCC_C_LANGUAGE_STANDARD = gnu11;
				GCC_NO_COMMON_BLOCKS = YES;
				GCC_WARN_64_TO_32_BIT_CONVERSION = YES;
				GCC_WARN_ABOUT_RETURN_TYPE = YES_ERROR;
				GCC_WARN_UNDECLARED_SELECTOR = YES;
				GCC_WARN_UNINITIALIZED_AUTOS = YES_AGGRESSIVE;
				GCC_WARN_UNUSED_FUNCTION = YES;
				GCC_WARN_UNUSED_VARIABLE = YES;
				IPHONEOS_DEPLOYMENT_TARGET = 11.4;
				MTL_ENABLE_DEBUG_INFO = NO;
				SDKROOT = iphoneos;
				SWIFT_COMPILATION_MODE = wholemodule;
				SWIFT_OPTIMIZATION_LEVEL = "-O";
				VALIDATE_PRODUCT = YES;
			};
			name = Release;
		};
		B5FC6A1B20DD1CED00C8E08B /* Debug */ = {
			isa = XCBuildConfiguration;
			baseConfigurationReference = C0329DC31537D4048222ACE9 /* Pods-cryptoalat.debug.xcconfig */;
			buildSettings = {
				ASSETCATALOG_COMPILER_APPICON_NAME = AppIcon;
				CODE_SIGN_ENTITLEMENTS = cryptoalat/cryptoalat.entitlements;
				CODE_SIGN_STYLE = Automatic;
				DEVELOPMENT_TEAM = FMQ6R58UAV;
				INFOPLIST_FILE = cryptoalat/Info.plist;
				IPHONEOS_DEPLOYMENT_TARGET = 11.0;
				LD_RUNPATH_SEARCH_PATHS = (
					"$(inherited)",
					"@executable_path/Frameworks",
				);
				PRODUCT_BUNDLE_IDENTIFIER = com.tapsharp.cryptoalat;
				PRODUCT_NAME = "$(TARGET_NAME)";
				SWIFT_VERSION = 4.0;
				TARGETED_DEVICE_FAMILY = "1,2";
			};
			name = Debug;
		};
		B5FC6A1C20DD1CED00C8E08B /* Release */ = {
			isa = XCBuildConfiguration;
			baseConfigurationReference = 9C0BCE424ED704EAA8FEA442 /* Pods-cryptoalat.release.xcconfig */;
			buildSettings = {
				ASSETCATALOG_COMPILER_APPICON_NAME = AppIcon;
				CODE_SIGN_ENTITLEMENTS = cryptoalat/cryptoalat.entitlements;
				CODE_SIGN_STYLE = Automatic;
				DEVELOPMENT_TEAM = FMQ6R58UAV;
				INFOPLIST_FILE = cryptoalat/Info.plist;
				IPHONEOS_DEPLOYMENT_TARGET = 11.0;
				LD_RUNPATH_SEARCH_PATHS = (
					"$(inherited)",
					"@executable_path/Frameworks",
				);
				PRODUCT_BUNDLE_IDENTIFIER = com.tapsharp.cryptoalat;
				PRODUCT_NAME = "$(TARGET_NAME)";
				SWIFT_VERSION = 4.0;
				TARGETED_DEVICE_FAMILY = "1,2";
			};
			name = Release;
		};
/* End XCBuildConfiguration section */

/* Begin XCConfigurationList section */
		B5FC6A0320DD1CEC00C8E08B /* Build configuration list for PBXProject "cryptoalat" */ = {
			isa = XCConfigurationList;
			buildConfigurations = (
				B5FC6A1820DD1CED00C8E08B /* Debug */,
				B5FC6A1920DD1CED00C8E08B /* Release */,
			);
			defaultConfigurationIsVisible = 0;
			defaultConfigurationName = Release;
		};
		B5FC6A1A20DD1CED00C8E08B /* Build configuration list for PBXNativeTarget "cryptoalat" */ = {
			isa = XCConfigurationList;
			buildConfigurations = (
				B5FC6A1B20DD1CED00C8E08B /* Debug */,
				B5FC6A1C20DD1CED00C8E08B /* Release */,
			);
			defaultConfigurationIsVisible = 0;
			defaultConfigurationName = Release;
		};
/* End XCConfigurationList section */
	};
	rootObject = B5FC6A0020DD1CEC00C8E08B /* Project object */;
}
